// !$*UTF8*$!
{
	archiveVersion = 1;
	classes = {
	};
	objectVersion = 50;
	objects = {

/* Begin PBXBuildFile section */
		7B07B799251F714200E3A66C /* AppDelegate.swift in Sources */ = {isa = PBXBuildFile; fileRef = 7B07B798251F714200E3A66C /* AppDelegate.swift */; };
		7B07B79B251F714200E3A66C /* SceneDelegate.swift in Sources */ = {isa = PBXBuildFile; fileRef = 7B07B79A251F714200E3A66C /* SceneDelegate.swift */; };
		7B07B79D251F714200E3A66C /* ViewController.swift in Sources */ = {isa = PBXBuildFile; fileRef = 7B07B79C251F714200E3A66C /* ViewController.swift */; };
		7B07B7A0251F714200E3A66C /* Main.storyboard in Resources */ = {isa = PBXBuildFile; fileRef = 7B07B79E251F714200E3A66C /* Main.storyboard */; };
		7B07B7A2251F714200E3A66C /* Assets.xcassets in Resources */ = {isa = PBXBuildFile; fileRef = 7B07B7A1251F714200E3A66C /* Assets.xcassets */; };
		7B07B7A5251F714200E3A66C /* LaunchScreen.storyboard in Resources */ = {isa = PBXBuildFile; fileRef = 7B07B7A3251F714200E3A66C /* LaunchScreen.storyboard */; };
		7B07B7AE251F784700E3A66C /* LocationManager.swift in Sources */ = {isa = PBXBuildFile; fileRef = 7B07B7AD251F784700E3A66C /* LocationManager.swift */; };
		7B07B7B9251FA7CB00E3A66C /* Beacon.swift in Sources */ = {isa = PBXBuildFile; fileRef = 7B07B7B8251FA7CB00E3A66C /* Beacon.swift */; };
		7B07B7BD251FB00D00E3A66C /* BeaconCell.swift in Sources */ = {isa = PBXBuildFile; fileRef = 7B07B7BC251FB00D00E3A66C /* BeaconCell.swift */; };
		7B07B7C4251FD56400E3A66C /* SortingOption.swift in Sources */ = {isa = PBXBuildFile; fileRef = 7B07B7C3251FD56400E3A66C /* SortingOption.swift */; };
		7B5E16852521CD7800F796E0 /* DetailViewController.swift in Sources */ = {isa = PBXBuildFile; fileRef = 7B5E16842521CD7800F796E0 /* DetailViewController.swift */; };
/* End PBXBuildFile section */

/* Begin PBXFileReference section */
		7B07B795251F714200E3A66C /* iBeaconDetector.app */ = {isa = PBXFileReference; explicitFileType = wrapper.application; includeInIndex = 0; path = iBeaconDetector.app; sourceTree = BUILT_PRODUCTS_DIR; };
		7B07B798251F714200E3A66C /* AppDelegate.swift */ = {isa = PBXFileReference; lastKnownFileType = sourcecode.swift; path = AppDelegate.swift; sourceTree = "<group>"; };
		7B07B79A251F714200E3A66C /* SceneDelegate.swift */ = {isa = PBXFileReference; lastKnownFileType = sourcecode.swift; path = SceneDelegate.swift; sourceTree = "<group>"; };
		7B07B79C251F714200E3A66C /* ViewController.swift */ = {isa = PBXFileReference; lastKnownFileType = sourcecode.swift; path = ViewController.swift; sourceTree = "<group>"; };
		7B07B79F251F714200E3A66C /* Base */ = {isa = PBXFileReference; lastKnownFileType = file.storyboard; name = Base; path = Base.lproj/Main.storyboard; sourceTree = "<group>"; };
		7B07B7A1251F714200E3A66C /* Assets.xcassets */ = {isa = PBXFileReference; lastKnownFileType = folder.assetcatalog; path = Assets.xcassets; sourceTree = "<group>"; };
		7B07B7A4251F714200E3A66C /* Base */ = {isa = PBXFileReference; lastKnownFileType = file.storyboard; name = Base; path = Base.lproj/LaunchScreen.storyboard; sourceTree = "<group>"; };
		7B07B7A6251F714200E3A66C /* Info.plist */ = {isa = PBXFileReference; lastKnownFileType = text.plist.xml; path = Info.plist; sourceTree = "<group>"; };
		7B07B7AD251F784700E3A66C /* LocationManager.swift */ = {isa = PBXFileReference; lastKnownFileType = sourcecode.swift; path = LocationManager.swift; sourceTree = "<group>"; };
		7B07B7B8251FA7CB00E3A66C /* Beacon.swift */ = {isa = PBXFileReference; lastKnownFileType = sourcecode.swift; path = Beacon.swift; sourceTree = "<group>"; };
		7B07B7BC251FB00D00E3A66C /* BeaconCell.swift */ = {isa = PBXFileReference; lastKnownFileType = sourcecode.swift; path = BeaconCell.swift; sourceTree = "<group>"; };
		7B07B7C3251FD56400E3A66C /* SortingOption.swift */ = {isa = PBXFileReference; lastKnownFileType = sourcecode.swift; path = SortingOption.swift; sourceTree = "<group>"; };
		7B5E16842521CD7800F796E0 /* DetailViewController.swift */ = {isa = PBXFileReference; lastKnownFileType = sourcecode.swift; path = DetailViewController.swift; sourceTree = "<group>"; };
/* End PBXFileReference section */

/* Begin PBXFrameworksBuildPhase section */
		7B07B792251F714100E3A66C /* Frameworks */ = {
			isa = PBXFrameworksBuildPhase;
			buildActionMask = 2147483647;
			files = (
			);
			runOnlyForDeploymentPostprocessing = 0;
		};
/* End PBXFrameworksBuildPhase section */

/* Begin PBXGroup section */
		7B07B78C251F714100E3A66C = {
			isa = PBXGroup;
			children = (
				7B07B797251F714200E3A66C /* iBeaconDetector */,
				7B07B796251F714200E3A66C /* Products */,
			);
			sourceTree = "<group>";
		};
		7B07B796251F714200E3A66C /* Products */ = {
			isa = PBXGroup;
			children = (
				7B07B795251F714200E3A66C /* iBeaconDetector.app */,
			);
			name = Products;
			sourceTree = "<group>";
		};
		7B07B797251F714200E3A66C /* iBeaconDetector */ = {
			isa = PBXGroup;
			children = (
				7B07B798251F714200E3A66C /* AppDelegate.swift */,
				7B07B79A251F714200E3A66C /* SceneDelegate.swift */,
				7B5E16882521E0D600F796E0 /* Controller */,
				7B07B7C1251FB5EE00E3A66C /* View */,
				7B07B7BB251FAF7700E3A66C /* Model */,
				7B07B7B5251F7B9A00E3A66C /* Services */,
				7B07B7B3251F7B8800E3A66C /* Helpers */,
				7B07B79E251F714200E3A66C /* Main.storyboard */,
				7B07B7A1251F714200E3A66C /* Assets.xcassets */,
				7B07B7A3251F714200E3A66C /* LaunchScreen.storyboard */,
				7B07B7A6251F714200E3A66C /* Info.plist */,
			);
			path = iBeaconDetector;
			sourceTree = "<group>";
		};
		7B07B7B3251F7B8800E3A66C /* Helpers */ = {
			isa = PBXGroup;
			children = (
				7B07B7C3251FD56400E3A66C /* SortingOption.swift */,
			);
			path = Helpers;
			sourceTree = "<group>";
		};
		7B07B7B5251F7B9A00E3A66C /* Services */ = {
			isa = PBXGroup;
			children = (
				7B07B7AD251F784700E3A66C /* LocationManager.swift */,
			);
			path = Services;
			sourceTree = "<group>";
		};
		7B07B7BB251FAF7700E3A66C /* Model */ = {
			isa = PBXGroup;
			children = (
				7B07B7B8251FA7CB00E3A66C /* Beacon.swift */,
			);
			path = Model;
			sourceTree = "<group>";
		};
		7B07B7C1251FB5EE00E3A66C /* View */ = {
			isa = PBXGroup;
			children = (
				7B07B7BC251FB00D00E3A66C /* BeaconCell.swift */,
			);
			path = View;
			sourceTree = "<group>";
		};
		7B5E16882521E0D600F796E0 /* Controller */ = {
			isa = PBXGroup;
			children = (
				7B07B79C251F714200E3A66C /* ViewController.swift */,
				7B5E16842521CD7800F796E0 /* DetailViewController.swift */,
			);
			path = Controller;
			sourceTree = "<group>";
		};
/* End PBXGroup section */

/* Begin PBXNativeTarget section */
		7B07B794251F714100E3A66C /* iBeaconDetector */ = {
			isa = PBXNativeTarget;
			buildConfigurationList = 7B07B7A9251F714200E3A66C /* Build configuration list for PBXNativeTarget "iBeaconDetector" */;
			buildPhases = (
				7B07B791251F714100E3A66C /* Sources */,
				7B07B792251F714100E3A66C /* Frameworks */,
				7B07B793251F714100E3A66C /* Resources */,
			);
			buildRules = (
			);
			dependencies = (
			);
			name = iBeaconDetector;
			productName = iBeaconDetector;
			productReference = 7B07B795251F714200E3A66C /* iBeaconDetector.app */;
			productType = "com.apple.product-type.application";
		};
/* End PBXNativeTarget section */

/* Begin PBXProject section */
		7B07B78D251F714100E3A66C /* Project object */ = {
			isa = PBXProject;
			attributes = {
				LastSwiftUpdateCheck = 1200;
				LastUpgradeCheck = 1200;
				TargetAttributes = {
					7B07B794251F714100E3A66C = {
						CreatedOnToolsVersion = 12.0.1;
					};
				};
			};
			buildConfigurationList = 7B07B790251F714100E3A66C /* Build configuration list for PBXProject "iBeaconDetector" */;
			compatibilityVersion = "Xcode 9.3";
			developmentRegion = en;
			hasScannedForEncodings = 0;
			knownRegions = (
				en,
				Base,
			);
			mainGroup = 7B07B78C251F714100E3A66C;
			productRefGroup = 7B07B796251F714200E3A66C /* Products */;
			projectDirPath = "";
			projectRoot = "";
			targets = (
				7B07B794251F714100E3A66C /* iBeaconDetector */,
			);
		};
/* End PBXProject section */

/* Begin PBXResourcesBuildPhase section */
		7B07B793251F714100E3A66C /* Resources */ = {
			isa = PBXResourcesBuildPhase;
			buildActionMask = 2147483647;
			files = (
				7B07B7A5251F714200E3A66C /* LaunchScreen.storyboard in Resources */,
				7B07B7A2251F714200E3A66C /* Assets.xcassets in Resources */,
				7B07B7A0251F714200E3A66C /* Main.storyboard in Resources */,
			);
			runOnlyForDeploymentPostprocessing = 0;
		};
/* End PBXResourcesBuildPhase section */

/* Begin PBXSourcesBuildPhase section */
		7B07B791251F714100E3A66C /* Sources */ = {
			isa = PBXSourcesBuildPhase;
			buildActionMask = 2147483647;
			files = (
				7B5E16852521CD7800F796E0 /* DetailViewController.swift in Sources */,
				7B07B7AE251F784700E3A66C /* LocationManager.swift in Sources */,
				7B07B79D251F714200E3A66C /* ViewController.swift in Sources */,
				7B07B799251F714200E3A66C /* AppDelegate.swift in Sources */,
				7B07B79B251F714200E3A66C /* SceneDelegate.swift in Sources */,
				7B07B7C4251FD56400E3A66C /* SortingOption.swift in Sources */,
				7B07B7B9251FA7CB00E3A66C /* Beacon.swift in Sources */,
				7B07B7BD251FB00D00E3A66C /* BeaconCell.swift in Sources */,
			);
			runOnlyForDeploymentPostprocessing = 0;
		};
/* End PBXSourcesBuildPhase section */

/* Begin PBXVariantGroup section */
		7B07B79E251F714200E3A66C /* Main.storyboard */ = {
			isa = PBXVariantGroup;
			children = (
				7B07B79F251F714200E3A66C /* Base */,
			);
			name = Main.storyboard;
			sourceTree = "<group>";
		};
		7B07B7A3251F714200E3A66C /* LaunchScreen.storyboard */ = {
			isa = PBXVariantGroup;
			children = (
				7B07B7A4251F714200E3A66C /* Base */,
			);
			name = LaunchScreen.storyboard;
			sourceTree = "<group>";
		};
/* End PBXVariantGroup section */

/* Begin XCBuildConfiguration section */
		7B07B7A7251F714200E3A66C /* Debug */ = {
			isa = XCBuildConfiguration;
			buildSettings = {
				ALWAYS_SEARCH_USER_PATHS = NO;
				CLANG_ANALYZER_NONNULL = YES;
				CLANG_ANALYZER_NUMBER_OBJECT_CONVERSION = YES_AGGRESSIVE;
				CLANG_CXX_LANGUAGE_STANDARD = "gnu++14";
				CLANG_CXX_LIBRARY = "libc++";
				CLANG_ENABLE_MODULES = YES;
				CLANG_ENABLE_OBJC_ARC = YES;
				CLANG_ENABLE_OBJC_WEAK = YES;
				CLANG_WARN_BLOCK_CAPTURE_AUTORELEASING = YES;
				CLANG_WARN_BOOL_CONVERSION = YES;
				CLANG_WARN_COMMA = YES;
				CLANG_WARN_CONSTANT_CONVERSION = YES;
				CLANG_WARN_DEPRECATED_OBJC_IMPLEMENTATIONS = YES;
				CLANG_WARN_DIRECT_OBJC_ISA_USAGE = YES_ERROR;
				CLANG_WARN_DOCUMENTATION_COMMENTS = YES;
				CLANG_WARN_EMPTY_BODY = YES;
				CLANG_WARN_ENUM_CONVERSION = YES;
				CLANG_WARN_INFINITE_RECURSION = YES;
				CLANG_WARN_INT_CONVERSION = YES;
				CLANG_WARN_NON_LITERAL_NULL_CONVERSION = YES;
				CLANG_WARN_OBJC_IMPLICIT_RETAIN_SELF = YES;
				CLANG_WARN_OBJC_LITERAL_CONVERSION = YES;
				CLANG_WARN_OBJC_ROOT_CLASS = YES_ERROR;
				CLANG_WARN_QUOTED_INCLUDE_IN_FRAMEWORK_HEADER = YES;
				CLANG_WARN_RANGE_LOOP_ANALYSIS = YES;
				CLANG_WARN_STRICT_PROTOTYPES = YES;
				CLANG_WARN_SUSPICIOUS_MOVE = YES;
				CLANG_WARN_UNGUARDED_AVAILABILITY = YES_AGGRESSIVE;
				CLANG_WARN_UNREACHABLE_CODE = YES;
				CLANG_WARN__DUPLICATE_METHOD_MATCH = YES;
				COPY_PHASE_STRIP = NO;
				DEBUG_INFORMATION_FORMAT = dwarf;
				ENABLE_STRICT_OBJC_MSGSEND = YES;
				ENABLE_TESTABILITY = YES;
				GCC_C_LANGUAGE_STANDARD = gnu11;
				GCC_DYNAMIC_NO_PIC = NO;
				GCC_NO_COMMON_BLOCKS = YES;
				GCC_OPTIMIZATION_LEVEL = 0;
				GCC_PREPROCESSOR_DEFINITIONS = (
					"DEBUG=1",
					"$(inherited)",
				);
				GCC_WARN_64_TO_32_BIT_CONVERSION = YES;
				GCC_WARN_ABOUT_RETURN_TYPE = YES_ERROR;
				GCC_WARN_UNDECLARED_SELECTOR = YES;
				GCC_WARN_UNINITIALIZED_AUTOS = YES_AGGRESSIVE;
				GCC_WARN_UNUSED_FUNCTION = YES;
				GCC_WARN_UNUSED_VARIABLE = YES;
				IPHONEOS_DEPLOYMENT_TARGET = 14.0;
				MTL_ENABLE_DEBUG_INFO = INCLUDE_SOURCE;
				MTL_FAST_MATH = YES;
				ONLY_ACTIVE_ARCH = YES;
				SDKROOT = iphoneos;
				SWIFT_ACTIVE_COMPILATION_CONDITIONS = DEBUG;
				SWIFT_OPTIMIZATION_LEVEL = "-Onone";
			};
			name = Debug;
		};
		7B07B7A8251F714200E3A66C /* Release */ = {
			isa = XCBuildConfiguration;
			buildSettings = {
				ALWAYS_SEARCH_USER_PATHS = NO;
				CLANG_ANALYZER_NONNULL = YES;
				CLANG_ANALYZER_NUMBER_OBJECT_CONVERSION = YES_AGGRESSIVE;
				CLANG_CXX_LANGUAGE_STANDARD = "gnu++14";
				CLANG_CXX_LIBRARY = "libc++";
				CLANG_ENABLE_MODULES = YES;
				CLANG_ENABLE_OBJC_ARC = YES;
				CLANG_ENABLE_OBJC_WEAK = YES;
				CLANG_WARN_BLOCK_CAPTURE_AUTORELEASING = YES;
				CLANG_WARN_BOOL_CONVERSION = YES;
				CLANG_WARN_COMMA = YES;
				CLANG_WARN_CONSTANT_CONVERSION = YES;
				CLANG_WARN_DEPRECATED_OBJC_IMPLEMENTATIONS = YES;
				CLANG_WARN_DIRECT_OBJC_ISA_USAGE = YES_ERROR;
				CLANG_WARN_DOCUMENTATION_COMMENTS = YES;
				CLANG_WARN_EMPTY_BODY = YES;
				CLANG_WARN_ENUM_CONVERSION = YES;
				CLANG_WARN_INFINITE_RECURSION = YES;
				CLANG_WARN_INT_CONVERSION = YES;
				CLANG_WARN_NON_LITERAL_NULL_CONVERSION = YES;
				CLANG_WARN_OBJC_IMPLICIT_RETAIN_SELF = YES;
				CLANG_WARN_OBJC_LITERAL_CONVERSION = YES;
				CLANG_WARN_OBJC_ROOT_CLASS = YES_ERROR;
				CLANG_WARN_QUOTED_INCLUDE_IN_FRAMEWORK_HEADER = YES;
				CLANG_WARN_RANGE_LOOP_ANALYSIS = YES;
				CLANG_WARN_STRICT_PROTOTYPES = YES;
				CLANG_WARN_SUSPICIOUS_MOVE = YES;
				CLANG_WARN_UNGUARDED_AVAILABILITY = YES_AGGRESSIVE;
				CLANG_WARN_UNREACHABLE_CODE = YES;
				CLANG_WARN__DUPLICATE_METHOD_MATCH = YES;
				COPY_PHASE_STRIP = NO;
				DEBUG_INFORMATION_FORMAT = "dwarf-with-dsym";
				ENABLE_NS_ASSERTIONS = NO;
				ENABLE_STRICT_OBJC_MSGSEND = YES;
				GCC_C_LANGUAGE_STANDARD = gnu11;
				GCC_NO_COMMON_BLOCKS = YES;
				GCC_WARN_64_TO_32_BIT_CONVERSION = YES;
				GCC_WARN_ABOUT_RETURN_TYPE = YES_ERROR;
				GCC_WARN_UNDECLARED_SELECTOR = YES;
				GCC_WARN_UNINITIALIZED_AUTOS = YES_AGGRESSIVE;
				GCC_WARN_UNUSED_FUNCTION = YES;
				GCC_WARN_UNUSED_VARIABLE = YES;
				IPHONEOS_DEPLOYMENT_TARGET = 14.0;
				MTL_ENABLE_DEBUG_INFO = NO;
				MTL_FAST_MATH = YES;
				SDKROOT = iphoneos;
				SWIFT_COMPILATION_MODE = wholemodule;
				SWIFT_OPTIMIZATION_LEVEL = "-O";
				VALIDATE_PRODUCT = YES;
			};
			name = Release;
		};
		7B07B7AA251F714200E3A66C /* Debug */ = {
			isa = XCBuildConfiguration;
			buildSettings = {
				ASSETCATALOG_COMPILER_APPICON_NAME = AppIcon;
				ASSETCATALOG_COMPILER_GLOBAL_ACCENT_COLOR_NAME = AccentColor;
				CODE_SIGN_STYLE = Automatic;
				DEVELOPMENT_TEAM = 98379XS7GB;
				INFOPLIST_FILE = iBeaconDetector/Info.plist;
				LD_RUNPATH_SEARCH_PATHS = (
					"$(inherited)",
					"@executable_path/Frameworks",
				);
				PRODUCT_BUNDLE_IDENTIFIER = "Maxim-Alekseev.iBeaconDetector";
				PRODUCT_NAME = "$(TARGET_NAME)";
				SWIFT_VERSION = 5.0;
				TARGETED_DEVICE_FAMILY = "1,2";
			};
			name = Debug;
		};
		7B07B7AB251F714200E3A66C /* Release */ = {
			isa = XCBuildConfiguration;
			buildSettings = {
				ASSETCATALOG_COMPILER_APPICON_NAME = AppIcon;
				ASSETCATALOG_COMPILER_GLOBAL_ACCENT_COLOR_NAME = AccentColor;
				CODE_SIGN_STYLE = Automatic;
				DEVELOPMENT_TEAM = 98379XS7GB;
				INFOPLIST_FILE = iBeaconDetector/Info.plist;
				LD_RUNPATH_SEARCH_PATHS = (
					"$(inherited)",
					"@executable_path/Frameworks",
				);
				PRODUCT_BUNDLE_IDENTIFIER = "Maxim-Alekseev.iBeaconDetector";
				PRODUCT_NAME = "$(TARGET_NAME)";
				SWIFT_VERSION = 5.0;
				TARGETED_DEVICE_FAMILY = "1,2";
			};
			name = Release;
		};
/* End XCBuildConfiguration section */

/* Begin XCConfigurationList section */
		7B07B790251F714100E3A66C /* Build configuration list for PBXProject "iBeaconDetector" */ = {
			isa = XCConfigurationList;
			buildConfigurations = (
				7B07B7A7251F714200E3A66C /* Debug */,
				7B07B7A8251F714200E3A66C /* Release */,
			);
			defaultConfigurationIsVisible = 0;
			defaultConfigurationName = Release;
		};
		7B07B7A9251F714200E3A66C /* Build configuration list for PBXNativeTarget "iBeaconDetector" */ = {
			isa = XCConfigurationList;
			buildConfigurations = (
				7B07B7AA251F714200E3A66C /* Debug */,
				7B07B7AB251F714200E3A66C /* Release */,
			);
			defaultConfigurationIsVisible = 0;
			defaultConfigurationName = Release;
		};
/* End XCConfigurationList section */
	};
	rootObject = 7B07B78D251F714100E3A66C /* Project object */;
}
